
Microsoft Visual Studio Solution File, Format Version 12.00
# Visual Studio 15
VisualStudioVersion = 15.0.28307.168
MinimumVisualStudioVersion = 10.0.40219.1
Project("{FAE04EC0-301F-11D3-BF4B-00C04F79EFBC}") = "ADOHomeworkPart2", "ADOHomeworkPart2\ADOHomeworkPart2.csproj", "{D265665F-1292-4D5D-A857-802A9D5A763B}"
EndProject
Global
	GlobalSection(SolutionConfigurationPlatforms) = preSolution
		Debug|Any CPU = Debug|Any CPU
		Release|Any CPU = Release|Any CPU
	EndGlobalSection
	GlobalSection(ProjectConfigurationPlatforms) = postSolution
		{D265665F-1292-4D5D-A857-802A9D5A763B}.Debug|Any CPU.ActiveCfg = Debug|Any CPU
		{D265665F-1292-4D5D-A857-802A9D5A763B}.Debug|Any CPU.Build.0 = Debug|Any CPU
		{D265665F-1292-4D5D-A857-802A9D5A763B}.Release|Any CPU.ActiveCfg = Release|Any CPU
		{D265665F-1292-4D5D-A857-802A9D5A763B}.Release|Any CPU.Build.0 = Release|Any CPU
	EndGlobalSection
	GlobalSection(SolutionProperties) = preSolution
		HideSolutionNode = FALSE
	EndGlobalSection
	GlobalSection(ExtensibilityGlobals) = postSolution
		SolutionGuid = {49A3BBBE-6DB2-4D59-9ED6-BB9DA6B39BF3}
	EndGlobalSection
EndGlobal
